
Microsoft Visual Studio Solution File, Format Version 12.00
# Visual Studio 14
VisualStudioVersion = 14.0.25420.1
MinimumVisualStudioVersion = 10.0.40219.1
Project("{FAE04EC0-301F-11D3-BF4B-00C04F79EFBC}") = "bitwz", "src\bitwz\bitwz.csproj", "{2E887966-6786-4E0B-B30F-8537E8794607}"
EndProject
Project("{FAE04EC0-301F-11D3-BF4B-00C04F79EFBC}") = "bitwz.Tests", "tests\bitwz.Tests\bitwz.Tests.csproj", "{19EB0AB5-612C-4C7A-AB43-3E6E706D72E5}"
EndProject
Project("{FAE04EC0-301F-11D3-BF4B-00C04F79EFBC}") = "bitwz.UnitTestCodeGenerator", "src\bitwz.UnitTestCodeGenerator\bitwz.UnitTestCodeGenerator.csproj", "{AF9F4035-262C-4DCA-96F1-73CD0AF986F4}"
EndProject
Project("{2150E333-8FDC-42A3-9474-1A3956D46DE8}") = "Solution Items", "Solution Items", "{6FE28764-470B-4AE0-A598-4392610D61E5}"
	ProjectSection(SolutionItems) = preProject
		.gitattributes = .gitattributes
		.gitignore = .gitignore
		.travis.yml = .travis.yml
		appveyor.yml = appveyor.yml
		LICENSE = LICENSE
		README.md = README.md
	EndProjectSection
EndProject
Global
	GlobalSection(SolutionConfigurationPlatforms) = preSolution
		Debug|Any CPU = Debug|Any CPU
		Release|Any CPU = Release|Any CPU
	EndGlobalSection
	GlobalSection(ProjectConfigurationPlatforms) = postSolution
		{2E887966-6786-4E0B-B30F-8537E8794607}.Debug|Any CPU.ActiveCfg = Debug|Any CPU
		{2E887966-6786-4E0B-B30F-8537E8794607}.Debug|Any CPU.Build.0 = Debug|Any CPU
		{2E887966-6786-4E0B-B30F-8537E8794607}.Release|Any CPU.ActiveCfg = Release|Any CPU
		{2E887966-6786-4E0B-B30F-8537E8794607}.Release|Any CPU.Build.0 = Release|Any CPU
		{19EB0AB5-612C-4C7A-AB43-3E6E706D72E5}.Debug|Any CPU.ActiveCfg = Debug|Any CPU
		{19EB0AB5-612C-4C7A-AB43-3E6E706D72E5}.Debug|Any CPU.Build.0 = Debug|Any CPU
		{19EB0AB5-612C-4C7A-AB43-3E6E706D72E5}.Release|Any CPU.ActiveCfg = Release|Any CPU
		{19EB0AB5-612C-4C7A-AB43-3E6E706D72E5}.Release|Any CPU.Build.0 = Release|Any CPU
		{AF9F4035-262C-4DCA-96F1-73CD0AF986F4}.Debug|Any CPU.ActiveCfg = Debug|Any CPU
		{AF9F4035-262C-4DCA-96F1-73CD0AF986F4}.Debug|Any CPU.Build.0 = Debug|Any CPU
		{AF9F4035-262C-4DCA-96F1-73CD0AF986F4}.Release|Any CPU.ActiveCfg = Release|Any CPU
		{AF9F4035-262C-4DCA-96F1-73CD0AF986F4}.Release|Any CPU.Build.0 = Release|Any CPU
	EndGlobalSection
	GlobalSection(SolutionProperties) = preSolution
		HideSolutionNode = FALSE
	EndGlobalSection
EndGlobal
